// !$*UTF8*$!
{
	archiveVersion = 1;
	classes = {
	};
	objectVersion = 90;
	objects = {

/* Begin PBXFileReference section */
		AURAFLOWPRODUCT00000000000001 /* AuraFlowWallpaperExtension.appex */ = {isa = PBXFileReference; explicitFileType = "wrapper.extensionkit-extension"; includeInIndex = 0; path = AuraFlowWallpaperExtension.appex; sourceTree = BUILT_PRODUCTS_DIR; };
/* End PBXFileReference section */

/* Begin PBXFileSystemSynchronizedRootGroup section */
		AURAFLOWSOURCE00000000000001 /* AuraFlowWallpaperExtension sources */ = {
			isa = PBXFileSystemSynchronizedRootGroup;
			path = ../Sources/AuraFlowWallpaperExtension;
			sourceTree = "<group>";
		};
/* End PBXFileSystemSynchronizedRootGroup section */

/* Begin PBXFrameworksBuildPhase section */
		AURAFLOWFRAMEWORK000000000001 /* Frameworks */ = {
			isa = PBXFrameworksBuildPhase;
			files = (
			);
		};
/* End PBXFrameworksBuildPhase section */

/* Begin PBXGroup section */
		AURAFLOWGROUP0000000000001 = {
			isa = PBXGroup;
			children = (
				AURAFLOWSOURCE00000000000001 /* AuraFlowWallpaperExtension sources */,
				AURAFLOWPRODUCTGROUP000000001 /* Products */,
			);
			sourceTree = "<group>";
		};
		AURAFLOWPRODUCTGROUP000000001 /* Products */ = {
			isa = PBXGroup;
			children = (
				AURAFLOWPRODUCT00000000000001 /* AuraFlowWallpaperExtension.appex */,
			);
			name = Products;
			sourceTree = "<group>";
		};
/* End PBXGroup section */

/* Begin PBXNativeTarget section */
		AURAFLOWTARGET000000000001 /* AuraFlowWallpaperExtension */ = {
			isa = PBXNativeTarget;
			buildConfigurationList = AURAFLOWTARGETCONFIG00000001 /* Build configuration list for PBXNativeTarget "AuraFlowWallpaperExtension" */;
			buildPhases = (
				AURAFLOWSOURCESPHASE00000001 /* Sources */,
				AURAFLOWFRAMEWORK000000000001 /* Frameworks */,
				AURAFLOWRESOURCEPHASE00000001 /* Resources */,
			);
			buildRules = (
			);
			fileSystemSynchronizedGroups = (
				AURAFLOWSOURCE00000000000001 /* AuraFlowWallpaperExtension sources */,
			);
			name = AuraFlowWallpaperExtension;
			productName = AuraFlowWallpaperExtension;
			productReference = AURAFLOWPRODUCT00000000000001 /* AuraFlowWallpaperExtension.appex */;
			productType = "com.apple.product-type.extensionkit-extension";
		};
/* End PBXNativeTarget section */

/* Begin PBXProject section */
		AURAFLOWPROJECT000000000001 /* Project object */ = {
			isa = PBXProject;
			attributes = {
				BuildIndependentTargetsInParallel = 1;
				LastSwiftUpdateCheck = 2620;
				LastUpgradeCheck = 2640;
			};
			buildConfigurationList = AURAFLOWPROJECTCONFIG0000001 /* Build configuration list for PBXProject "AuraFlowWallpaperExtension" */;
			developmentRegion = en;
			hasScannedForEncodings = 0;
			knownRegions = (
				en,
				Base,
			);
			mainGroup = AURAFLOWGROUP0000000000001;
			minimizedProjectReferenceProxies = 1;
			preferredProjectObjectVersion = 90;
			productRefGroup = AURAFLOWPRODUCTGROUP000000001 /* Products */;
			projectDirPath = "";
			projectRoot = "";
			targets = (
				AURAFLOWTARGET000000000001 /* AuraFlowWallpaperExtension */,
			);
		};
/* End PBXProject section */

/* Begin PBXResourcesBuildPhase section */
		AURAFLOWRESOURCEPHASE00000001 /* Resources */ = {
			isa = PBXResourcesBuildPhase;
			files = (
			);
		};
/* End PBXResourcesBuildPhase section */

/* Begin PBXSourcesBuildPhase section */
		AURAFLOWSOURCESPHASE00000001 /* Sources */ = {
			isa = PBXSourcesBuildPhase;
			files = (
			);
		};
/* End PBXSourcesBuildPhase section */

/* Begin XCBuildConfiguration section */
		AURAFLOWTARGETDEBUG0000001 /* Debug configuration for PBXNativeTarget "AuraFlowWallpaperExtension" */ = {
			isa = XCBuildConfiguration;
			buildSettings = {
				CODE_SIGN_ENTITLEMENTS = ../Sources/AuraFlowWallpaperExtension/AuraFlowWallpaperExtension.entitlements;
				CODE_SIGN_STYLE = Manual;
				CURRENT_PROJECT_VERSION = 10;
				DEAD_CODE_STRIPPING = YES;
				DEVELOPMENT_TEAM = 8CNCVLS7WN;
				ENABLE_APP_SANDBOX = YES;
				ENABLE_HARDENED_RUNTIME = YES;
				GENERATE_INFOPLIST_FILE = YES;
				INFOPLIST_FILE = Info.plist;
				INFOPLIST_KEY_CFBundleDisplayName = "AuraFlow Wallpaper";
				INFOPLIST_KEY_NSHumanReadableCopyright = "";
				LD_RUNPATH_SEARCH_PATHS = (
					"$(inherited)",
					"@executable_path/../Frameworks",
					"@executable_path/../../../../Frameworks",
				);
				MACOSX_DEPLOYMENT_TARGET = 26.0;
				MARKETING_VERSION = 1.3.1;
				PRODUCT_BUNDLE_IDENTIFIER = com.andrijvergeles.auraflow.wallpaper-extension;
				PRODUCT_NAME = "$(TARGET_NAME)";
				SKIP_INSTALL = YES;
				STRING_CATALOG_GENERATE_SYMBOLS = YES;
				SWIFT_APPROACHABLE_CONCURRENCY = YES;
				SWIFT_EMIT_LOC_STRINGS = YES;
				SWIFT_OBJC_BRIDGING_HEADER = ../Sources/AuraFlowWallpaperExtension/WallpaperExtension-Bridging-Header.h;
				SWIFT_STRICT_CONCURRENCY = complete;
				SWIFT_UPCOMING_FEATURE_EXISTENTIAL_ANY = YES;
				SWIFT_UPCOMING_FEATURE_INFER_ISOLATED_CONFORMANCES = YES;
				SWIFT_UPCOMING_FEATURE_INTERNAL_IMPORTS_BY_DEFAULT = YES;
				SWIFT_UPCOMING_FEATURE_MEMBER_IMPORT_VISIBILITY = YES;
				SWIFT_UPCOMING_FEATURE_NONISOLATED_NONSENDING_BY_DEFAULT = YES;
				SWIFT_VERSION = 6.0;
			};
			name = Debug;
		};
		AURAFLOWTARGETRELEASE00001 /* Release configuration for PBXNativeTarget "AuraFlowWallpaperExtension" */ = {
			isa = XCBuildConfiguration;
			buildSettings = {
				CODE_SIGN_ENTITLEMENTS = ../Sources/AuraFlowWallpaperExtension/AuraFlowWallpaperExtension.entitlements;
				CODE_SIGN_STYLE = Manual;
				CURRENT_PROJECT_VERSION = 10;
				DEAD_CODE_STRIPPING = YES;
				DEVELOPMENT_TEAM = 8CNCVLS7WN;
				ENABLE_APP_SANDBOX = YES;
				ENABLE_HARDENED_RUNTIME = YES;
				GENERATE_INFOPLIST_FILE = YES;
				INFOPLIST_FILE = Info.plist;
				INFOPLIST_KEY_CFBundleDisplayName = "AuraFlow Wallpaper";
				INFOPLIST_KEY_NSHumanReadableCopyright = "";
				LD_RUNPATH_SEARCH_PATHS = (
					"$(inherited)",
					"@executable_path/../Frameworks",
					"@executable_path/../../../../Frameworks",
				);
				MACOSX_DEPLOYMENT_TARGET = 26.0;
				MARKETING_VERSION = 1.3.1;
				PRODUCT_BUNDLE_IDENTIFIER = com.andrijvergeles.auraflow.wallpaper-extension;
				PRODUCT_NAME = "$(TARGET_NAME)";
				SKIP_INSTALL = YES;
				STRING_CATALOG_GENERATE_SYMBOLS = YES;
				SWIFT_APPROACHABLE_CONCURRENCY = YES;
				SWIFT_EMIT_LOC_STRINGS = YES;
				SWIFT_OBJC_BRIDGING_HEADER = ../Sources/AuraFlowWallpaperExtension/WallpaperExtension-Bridging-Header.h;
				SWIFT_STRICT_CONCURRENCY = complete;
				SWIFT_UPCOMING_FEATURE_EXISTENTIAL_ANY = YES;
				SWIFT_UPCOMING_FEATURE_INFER_ISOLATED_CONFORMANCES = YES;
				SWIFT_UPCOMING_FEATURE_INTERNAL_IMPORTS_BY_DEFAULT = YES;
				SWIFT_UPCOMING_FEATURE_MEMBER_IMPORT_VISIBILITY = YES;
				SWIFT_UPCOMING_FEATURE_NONISOLATED_NONSENDING_BY_DEFAULT = YES;
				SWIFT_VERSION = 6.0;
			};
			name = Release;
		};
		AURAFLOWPROJECTDEBUG000001 /* Debug configuration for PBXProject "AuraFlowWallpaperExtension" */ = {
			isa = XCBuildConfiguration;
			buildSettings = {
				ALWAYS_SEARCH_USER_PATHS = NO;
				CLANG_ENABLE_MODULES = YES;
				CLANG_ENABLE_OBJC_ARC = YES;
				ENABLE_USER_SCRIPT_SANDBOXING = YES;
				MACOSX_DEPLOYMENT_TARGET = 26.0;
				SDKROOT = macosx;
				SWIFT_STRICT_CONCURRENCY = complete;
				SWIFT_UPCOMING_FEATURE_EXISTENTIAL_ANY = YES;
				SWIFT_UPCOMING_FEATURE_INFER_ISOLATED_CONFORMANCES = YES;
				SWIFT_UPCOMING_FEATURE_INTERNAL_IMPORTS_BY_DEFAULT = YES;
				SWIFT_UPCOMING_FEATURE_MEMBER_IMPORT_VISIBILITY = YES;
				SWIFT_UPCOMING_FEATURE_NONISOLATED_NONSENDING_BY_DEFAULT = YES;
				SWIFT_VERSION = 6.0;
			};
			name = Debug;
		};
		AURAFLOWPROJECTRELEASE0001 /* Release configuration for PBXProject "AuraFlowWallpaperExtension" */ = {
			isa = XCBuildConfiguration;
			buildSettings = {
				ALWAYS_SEARCH_USER_PATHS = NO;
				CLANG_ENABLE_MODULES = YES;
				CLANG_ENABLE_OBJC_ARC = YES;
				ENABLE_USER_SCRIPT_SANDBOXING = YES;
				MACOSX_DEPLOYMENT_TARGET = 26.0;
				SDKROOT = macosx;
				SWIFT_COMPILATION_MODE = wholemodule;
				SWIFT_OPTIMIZATION_LEVEL = "-O";
				SWIFT_STRICT_CONCURRENCY = complete;
				SWIFT_UPCOMING_FEATURE_EXISTENTIAL_ANY = YES;
				SWIFT_UPCOMING_FEATURE_INFER_ISOLATED_CONFORMANCES = YES;
				SWIFT_UPCOMING_FEATURE_INTERNAL_IMPORTS_BY_DEFAULT = YES;
				SWIFT_UPCOMING_FEATURE_MEMBER_IMPORT_VISIBILITY = YES;
				SWIFT_UPCOMING_FEATURE_NONISOLATED_NONSENDING_BY_DEFAULT = YES;
				SWIFT_VERSION = 6.0;
			};
			name = Release;
		};
/* End XCBuildConfiguration section */

/* Begin XCConfigurationList section */
		AURAFLOWTARGETCONFIG00000001 /* Build configuration list for PBXNativeTarget "AuraFlowWallpaperExtension" */ = {
			isa = XCConfigurationList;
			buildConfigurations = (
				AURAFLOWTARGETDEBUG0000001 /* Debug configuration for PBXNativeTarget "AuraFlowWallpaperExtension" */,
				AURAFLOWTARGETRELEASE00001 /* Release configuration for PBXNativeTarget "AuraFlowWallpaperExtension" */,
			);
			defaultConfigurationName = Release;
		};
		AURAFLOWPROJECTCONFIG0000001 /* Build configuration list for PBXProject "AuraFlowWallpaperExtension" */ = {
			isa = XCConfigurationList;
			buildConfigurations = (
				AURAFLOWPROJECTDEBUG000001 /* Debug configuration for PBXProject "AuraFlowWallpaperExtension" */,
				AURAFLOWPROJECTRELEASE0001 /* Release configuration for PBXProject "AuraFlowWallpaperExtension" */,
			);
			defaultConfigurationName = Release;
		};
/* End XCConfigurationList section */
	};
	rootObject = AURAFLOWPROJECT000000000001 /* Project object */;
}
